
Microsoft Visual Studio Solution File, Format Version 12.00
# Visual Studio 15
VisualStudioVersion = 15.0.28307.168
MinimumVisualStudioVersion = 10.0.40219.1
Project("{FAE04EC0-301F-11D3-BF4B-00C04F79EFBC}") = "MVCWebTest", "MVCWebTest\MVCWebTest.csproj", "{A5E14FD9-08DA-4C50-8B4D-982F504F0A6B}"
EndProject
Global
	GlobalSection(SolutionConfigurationPlatforms) = preSolution
		Debug|Any CPU = Debug|Any CPU
		Release|Any CPU = Release|Any CPU
	EndGlobalSection
	GlobalSection(ProjectConfigurationPlatforms) = postSolution
		{A5E14FD9-08DA-4C50-8B4D-982F504F0A6B}.Debug|Any CPU.ActiveCfg = Debug|Any CPU
		{A5E14FD9-08DA-4C50-8B4D-982F504F0A6B}.Debug|Any CPU.Build.0 = Debug|Any CPU
		{A5E14FD9-08DA-4C50-8B4D-982F504F0A6B}.Release|Any CPU.ActiveCfg = Release|Any CPU
		{A5E14FD9-08DA-4C50-8B4D-982F504F0A6B}.Release|Any CPU.Build.0 = Release|Any CPU
	EndGlobalSection
	GlobalSection(SolutionProperties) = preSolution
		HideSolutionNode = FALSE
	EndGlobalSection
	GlobalSection(ExtensibilityGlobals) = postSolution
		SolutionGuid = {F445A0A7-6C0F-4D76-B3EE-ED6E7BCFE992}
	EndGlobalSection
EndGlobal
